
Microsoft Visual Studio Solution File, Format Version 12.00
Project("{8BC9CEB8-8B4A-11D0-8D11-00A0C91BC942}") = "Example_Detach", "Example_Detach\Example_Detach.vcxproj", "{4FA90BD0-8C97-4405-8D1B-2FD7EFF73D6D}"
EndProject
Global
	GlobalSection(SolutionConfigurationPlatforms) = preSolution
		Debug|Win32 = Debug|Win32
		Debug|x64 = Debug|x64
		Release|Win32 = Release|Win32
		Release|x64 = Release|x64
	EndGlobalSection
	GlobalSection(ProjectConfigurationPlatforms) = postSolution
		{4FA90BD0-8C97-4405-8D1B-2FD7EFF73D6D}.Debug|Win32.ActiveCfg = Debug|Win32
		{4FA90BD0-8C97-4405-8D1B-2FD7EFF73D6D}.Debug|Win32.Build.0 = Debug|Win32
		{4FA90BD0-8C97-4405-8D1B-2FD7EFF73D6D}.Debug|x64.ActiveCfg = Debug|x64
		{4FA90BD0-8C97-4405-8D1B-2FD7EFF73D6D}.Debug|x64.Build.0 = Debug|x64
		{4FA90BD0-8C97-4405-8D1B-2FD7EFF73D6D}.Release|Win32.ActiveCfg = Release|Win32
		{4FA90BD0-8C97-4405-8D1B-2FD7EFF73D6D}.Release|Win32.Build.0 = Release|Win32
		{4FA90BD0-8C97-4405-8D1B-2FD7EFF73D6D}.Release|x64.ActiveCfg = Release|x64
		{4FA90BD0-8C97-4405-8D1B-2FD7EFF73D6D}.Release|x64.Build.0 = Release|x64
	EndGlobalSection
EndGlobal
