
Microsoft Visual Studio Solution File, Format Version 12.00
Project("{8BC9CEB8-8B4A-11D0-8D11-00A0C91BC942}") = "Example_simple_future", "Example_simple_future\Example_simple_future.vcxproj", "{EF46A06E-803E-4705-A90E-A7C988FDDA35}"
EndProject
Global
	GlobalSection(SolutionConfigurationPlatforms) = preSolution
		Debug|Win32 = Debug|Win32
		Debug|x64 = Debug|x64
		Release|Win32 = Release|Win32
		Release|x64 = Release|x64
	EndGlobalSection
	GlobalSection(ProjectConfigurationPlatforms) = postSolution
		{EF46A06E-803E-4705-A90E-A7C988FDDA35}.Debug|Win32.ActiveCfg = Debug|Win32
		{EF46A06E-803E-4705-A90E-A7C988FDDA35}.Debug|Win32.Build.0 = Debug|Win32
		{EF46A06E-803E-4705-A90E-A7C988FDDA35}.Debug|x64.ActiveCfg = Debug|x64
		{EF46A06E-803E-4705-A90E-A7C988FDDA35}.Debug|x64.Build.0 = Debug|x64
		{EF46A06E-803E-4705-A90E-A7C988FDDA35}.Release|Win32.ActiveCfg = Release|Win32
		{EF46A06E-803E-4705-A90E-A7C988FDDA35}.Release|Win32.Build.0 = Release|Win32
		{EF46A06E-803E-4705-A90E-A7C988FDDA35}.Release|x64.ActiveCfg = Release|x64
		{EF46A06E-803E-4705-A90E-A7C988FDDA35}.Release|x64.Build.0 = Release|x64
	EndGlobalSection
EndGlobal
